
Microsoft Visual Studio Solution File, Format Version 12.00
# Visual Studio Version 17
VisualStudioVersion = 17.14.36429.23
MinimumVisualStudioVersion = 10.0.40219.1
Project("{2150E333-8FDC-42A3-9474-1A3956D46DE8}") = "src", "src", "{F6CD6641-332C-49E9-88A9-2553E5842EF9}"
EndProject
Project("{FAE04EC0-301F-11D3-BF4B-00C04F79EFBC}") = "CashFlow.Api", "src\CashFlow.Api\CashFlow.Api.csproj", "{C8CFD390-E3C0-4C45-9A0D-A3CC2EBF52B1}"
EndProject
Project("{FAE04EC0-301F-11D3-BF4B-00C04F79EFBC}") = "CashFlow.Application", "src\CashFlow.Application\CashFlow.Application.csproj", "{DFC3260E-0451-4DB5-845B-C080314FF017}"
EndProject
Project("{FAE04EC0-301F-11D3-BF4B-00C04F79EFBC}") = "CashFlow.Communication", "src\CashFlow.Communication\CashFlow.Communication.csproj", "{DAFA82FD-806F-495A-8892-261690A7713C}"
EndProject
Project("{FAE04EC0-301F-11D3-BF4B-00C04F79EFBC}") = "CashFlow.Domain", "src\CashFlow.Domain\CashFlow.Domain.csproj", "{BD201017-2FE2-4B47-B99F-98ACCD03041E}"
EndProject
Project("{FAE04EC0-301F-11D3-BF4B-00C04F79EFBC}") = "CashFlow.Exception", "src\CashFlow.Exception\CashFlow.Exception.csproj", "{350F83AF-E955-43D2-A22A-C386DCE54710}"
EndProject
Project("{FAE04EC0-301F-11D3-BF4B-00C04F79EFBC}") = "CashFlow.Infrastructure", "src\CashFlow.Infrastructure\CashFlow.Infrastructure.csproj", "{EB4EE4BD-160C-4A17-8EAD-0FCD84A78588}"
EndProject
Project("{2150E333-8FDC-42A3-9474-1A3956D46DE8}") = "tests", "tests", "{0AB3BF05-4346-4AA6-1389-037BE0695223}"
EndProject
Project("{FAE04EC0-301F-11D3-BF4B-00C04F79EFBC}") = "CommonTestUtilities", "tests\CommonTestUtilities\CommonTestUtilities.csproj", "{087ECD42-BD34-4066-8951-CF284D557E6A}"
EndProject
Project("{FAE04EC0-301F-11D3-BF4B-00C04F79EFBC}") = "UseCases.Test", "tests\UseCases.Test\UseCases.Test.csproj", "{421EF200-8BFB-4DE7-8198-390E6A79B371}"
EndProject
Project("{FAE04EC0-301F-11D3-BF4B-00C04F79EFBC}") = "Validators.Tests", "tests\Validators.Tests\Validators.Tests.csproj", "{5A2E18EE-990D-4E9B-8D1E-3CD1C5DD422F}"
EndProject
Project("{FAE04EC0-301F-11D3-BF4B-00C04F79EFBC}") = "WebApi.Test", "tests\WebApi.Test\WebApi.Test.csproj", "{6E20A797-3DC8-4B4D-9B74-ABA30B0F44B3}"
EndProject
Global
	GlobalSection(SolutionConfigurationPlatforms) = preSolution
		Debug|Any CPU = Debug|Any CPU
		Debug|x64 = Debug|x64
		Debug|x86 = Debug|x86
		Release|Any CPU = Release|Any CPU
		Release|x64 = Release|x64
		Release|x86 = Release|x86
	EndGlobalSection
	GlobalSection(ProjectConfigurationPlatforms) = postSolution
		{C8CFD390-E3C0-4C45-9A0D-A3CC2EBF52B1}.Debug|Any CPU.ActiveCfg = Debug|Any CPU
		{C8CFD390-E3C0-4C45-9A0D-A3CC2EBF52B1}.Debug|Any CPU.Build.0 = Debug|Any CPU
		{C8CFD390-E3C0-4C45-9A0D-A3CC2EBF52B1}.Debug|x64.ActiveCfg = Debug|Any CPU
		{C8CFD390-E3C0-4C45-9A0D-A3CC2EBF52B1}.Debug|x64.Build.0 = Debug|Any CPU
		{C8CFD390-E3C0-4C45-9A0D-A3CC2EBF52B1}.Debug|x86.ActiveCfg = Debug|Any CPU
		{C8CFD390-E3C0-4C45-9A0D-A3CC2EBF52B1}.Debug|x86.Build.0 = Debug|Any CPU
		{C8CFD390-E3C0-4C45-9A0D-A3CC2EBF52B1}.Release|Any CPU.ActiveCfg = Release|Any CPU
		{C8CFD390-E3C0-4C45-9A0D-A3CC2EBF52B1}.Release|Any CPU.Build.0 = Release|Any CPU
		{C8CFD390-E3C0-4C45-9A0D-A3CC2EBF52B1}.Release|x64.ActiveCfg = Release|Any CPU
		{C8CFD390-E3C0-4C45-9A0D-A3CC2EBF52B1}.Release|x64.Build.0 = Release|Any CPU
		{C8CFD390-E3C0-4C45-9A0D-A3CC2EBF52B1}.Release|x86.ActiveCfg = Release|Any CPU
		{C8CFD390-E3C0-4C45-9A0D-A3CC2EBF52B1}.Release|x86.Build.0 = Release|Any CPU
		{DFC3260E-0451-4DB5-845B-C080314FF017}.Debug|Any CPU.ActiveCfg = Debug|Any CPU
		{DFC3260E-0451-4DB5-845B-C080314FF017}.Debug|Any CPU.Build.0 = Debug|Any CPU
		{DFC3260E-0451-4DB5-845B-C080314FF017}.Debug|x64.ActiveCfg = Debug|Any CPU
		{DFC3260E-0451-4DB5-845B-C080314FF017}.Debug|x64.Build.0 = Debug|Any CPU
		{DFC3260E-0451-4DB5-845B-C080314FF017}.Debug|x86.ActiveCfg = Debug|Any CPU
		{DFC3260E-0451-4DB5-845B-C080314FF017}.Debug|x86.Build.0 = Debug|Any CPU
		{DFC3260E-0451-4DB5-845B-C080314FF017}.Release|Any CPU.ActiveCfg = Release|Any CPU
		{DFC3260E-0451-4DB5-845B-C080314FF017}.Release|Any CPU.Build.0 = Release|Any CPU
		{DFC3260E-0451-4DB5-845B-C080314FF017}.Release|x64.ActiveCfg = Release|Any CPU
		{DFC3260E-0451-4DB5-845B-C080314FF017}.Release|x64.Build.0 = Release|Any CPU
		{DFC3260E-0451-4DB5-845B-C080314FF017}.Release|x86.ActiveCfg = Release|Any CPU
		{DFC3260E-0451-4DB5-845B-C080314FF017}.Release|x86.Build.0 = Release|Any CPU
		{DAFA82FD-806F-495A-8892-261690A7713C}.Debug|Any CPU.ActiveCfg = Debug|Any CPU
		{DAFA82FD-806F-495A-8892-261690A7713C}.Debug|Any CPU.Build.0 = Debug|Any CPU
		{DAFA82FD-806F-495A-8892-261690A7713C}.Debug|x64.ActiveCfg = Debug|Any CPU
		{DAFA82FD-806F-495A-8892-261690A7713C}.Debug|x64.Build.0 = Debug|Any CPU
		{DAFA82FD-806F-495A-8892-261690A7713C}.Debug|x86.ActiveCfg = Debug|Any CPU
		{DAFA82FD-806F-495A-8892-261690A7713C}.Debug|x86.Build.0 = Debug|Any CPU
		{DAFA82FD-806F-495A-8892-261690A7713C}.Release|Any CPU.ActiveCfg = Release|Any CPU
		{DAFA82FD-806F-495A-8892-261690A7713C}.Release|Any CPU.Build.0 = Release|Any CPU
		{DAFA82FD-806F-495A-8892-261690A7713C}.Release|x64.ActiveCfg = Release|Any CPU
		{DAFA82FD-806F-495A-8892-261690A7713C}.Release|x64.Build.0 = Release|Any CPU
		{DAFA82FD-806F-495A-8892-261690A7713C}.Release|x86.ActiveCfg = Release|Any CPU
		{DAFA82FD-806F-495A-8892-261690A7713C}.Release|x86.Build.0 = Release|Any CPU
		{BD201017-2FE2-4B47-B99F-98ACCD03041E}.Debug|Any CPU.ActiveCfg = Debug|Any CPU
		{BD201017-2FE2-4B47-B99F-98ACCD03041E}.Debug|Any CPU.Build.0 = Debug|Any CPU
		{BD201017-2FE2-4B47-B99F-98ACCD03041E}.Debug|x64.ActiveCfg = Debug|Any CPU
		{BD201017-2FE2-4B47-B99F-98ACCD03041E}.Debug|x64.Build.0 = Debug|Any CPU
		{BD201017-2FE2-4B47-B99F-98ACCD03041E}.Debug|x86.ActiveCfg = Debug|Any CPU
		{BD201017-2FE2-4B47-B99F-98ACCD03041E}.Debug|x86.Build.0 = Debug|Any CPU
		{BD201017-2FE2-4B47-B99F-98ACCD03041E}.Release|Any CPU.ActiveCfg = Release|Any CPU
		{BD201017-2FE2-4B47-B99F-98ACCD03041E}.Release|Any CPU.Build.0 = Release|Any CPU
		{BD201017-2FE2-4B47-B99F-98ACCD03041E}.Release|x64.ActiveCfg = Release|Any CPU
		{BD201017-2FE2-4B47-B99F-98ACCD03041E}.Release|x64.Build.0 = Release|Any CPU
		{BD201017-2FE2-4B47-B99F-98ACCD03041E}.Release|x86.ActiveCfg = Release|Any CPU
		{BD201017-2FE2-4B47-B99F-98ACCD03041E}.Release|x86.Build.0 = Release|Any CPU
		{350F83AF-E955-43D2-A22A-C386DCE54710}.Debug|Any CPU.ActiveCfg = Debug|Any CPU
		{350F83AF-E955-43D2-A22A-C386DCE54710}.Debug|Any CPU.Build.0 = Debug|Any CPU
		{350F83AF-E955-43D2-A22A-C386DCE54710}.Debug|x64.ActiveCfg = Debug|Any CPU
		{350F83AF-E955-43D2-A22A-C386DCE54710}.Debug|x64.Build.0 = Debug|Any CPU
		{350F83AF-E955-43D2-A22A-C386DCE54710}.Debug|x86.ActiveCfg = Debug|Any CPU
		{350F83AF-E955-43D2-A22A-C386DCE54710}.Debug|x86.Build.0 = Debug|Any CPU
		{350F83AF-E955-43D2-A22A-C386DCE54710}.Release|Any CPU.ActiveCfg = Release|Any CPU
		{350F83AF-E955-43D2-A22A-C386DCE54710}.Release|Any CPU.Build.0 = Release|Any CPU
		{350F83AF-E955-43D2-A22A-C386DCE54710}.Release|x64.ActiveCfg = Release|Any CPU
		{350F83AF-E955-43D2-A22A-C386DCE54710}.Release|x64.Build.0 = Release|Any CPU
		{350F83AF-E955-43D2-A22A-C386DCE54710}.Release|x86.ActiveCfg = Release|Any CPU
		{350F83AF-E955-43D2-A22A-C386DCE54710}.Release|x86.Build.0 = Release|Any CPU
		{EB4EE4BD-160C-4A17-8EAD-0FCD84A78588}.Debug|Any CPU.ActiveCfg = Debug|Any CPU
		{EB4EE4BD-160C-4A17-8EAD-0FCD84A78588}.Debug|Any CPU.Build.0 = Debug|Any CPU
		{EB4EE4BD-160C-4A17-8EAD-0FCD84A78588}.Debug|x64.ActiveCfg = Debug|Any CPU
		{EB4EE4BD-160C-4A17-8EAD-0FCD84A78588}.Debug|x64.Build.0 = Debug|Any CPU
		{EB4EE4BD-160C-4A17-8EAD-0FCD84A78588}.Debug|x86.ActiveCfg = Debug|Any CPU
		{EB4EE4BD-160C-4A17-8EAD-0FCD84A78588}.Debug|x86.Build.0 = Debug|Any CPU
		{EB4EE4BD-160C-4A17-8EAD-0FCD84A78588}.Release|Any CPU.ActiveCfg = Release|Any CPU
		{EB4EE4BD-160C-4A17-8EAD-0FCD84A78588}.Release|Any CPU.Build.0 = Release|Any CPU
		{EB4EE4BD-160C-4A17-8EAD-0FCD84A78588}.Release|x64.ActiveCfg = Release|Any CPU
		{EB4EE4BD-160C-4A17-8EAD-0FCD84A78588}.Release|x64.Build.0 = Release|Any CPU
		{EB4EE4BD-160C-4A17-8EAD-0FCD84A78588}.Release|x86.ActiveCfg = Release|Any CPU
		{EB4EE4BD-160C-4A17-8EAD-0FCD84A78588}.Release|x86.Build.0 = Release|Any CPU
		{087ECD42-BD34-4066-8951-CF284D557E6A}.Debug|Any CPU.ActiveCfg = Debug|Any CPU
		{087ECD42-BD34-4066-8951-CF284D557E6A}.Debug|Any CPU.Build.0 = Debug|Any CPU
		{087ECD42-BD34-4066-8951-CF284D557E6A}.Debug|x64.ActiveCfg = Debug|Any CPU
		{087ECD42-BD34-4066-8951-CF284D557E6A}.Debug|x64.Build.0 = Debug|Any CPU
		{087ECD42-BD34-4066-8951-CF284D557E6A}.Debug|x86.ActiveCfg = Debug|Any CPU
		{087ECD42-BD34-4066-8951-CF284D557E6A}.Debug|x86.Build.0 = Debug|Any CPU
		{087ECD42-BD34-4066-8951-CF284D557E6A}.Release|Any CPU.ActiveCfg = Release|Any CPU
		{087ECD42-BD34-4066-8951-CF284D557E6A}.Release|Any CPU.Build.0 = Release|Any CPU
		{087ECD42-BD34-4066-8951-CF284D557E6A}.Release|x64.ActiveCfg = Release|Any CPU
		{087ECD42-BD34-4066-8951-CF284D557E6A}.Release|x64.Build.0 = Release|Any CPU
		{087ECD42-BD34-4066-8951-CF284D557E6A}.Release|x86.ActiveCfg = Release|Any CPU
		{087ECD42-BD34-4066-8951-CF284D557E6A}.Release|x86.Build.0 = Release|Any CPU
		{421EF200-8BFB-4DE7-8198-390E6A79B371}.Debug|Any CPU.ActiveCfg = Debug|Any CPU
		{421EF200-8BFB-4DE7-8198-390E6A79B371}.Debug|Any CPU.Build.0 = Debug|Any CPU
		{421EF200-8BFB-4DE7-8198-390E6A79B371}.Debug|x64.ActiveCfg = Debug|Any CPU
		{421EF200-8BFB-4DE7-8198-390E6A79B371}.Debug|x64.Build.0 = Debug|Any CPU
		{421EF200-8BFB-4DE7-8198-390E6A79B371}.Debug|x86.ActiveCfg = Debug|Any CPU
		{421EF200-8BFB-4DE7-8198-390E6A79B371}.Debug|x86.Build.0 = Debug|Any CPU
		{421EF200-8BFB-4DE7-8198-390E6A79B371}.Release|Any CPU.ActiveCfg = Release|Any CPU
		{421EF200-8BFB-4DE7-8198-390E6A79B371}.Release|Any CPU.Build.0 = Release|Any CPU
		{421EF200-8BFB-4DE7-8198-390E6A79B371}.Release|x64.ActiveCfg = Release|Any CPU
		{421EF200-8BFB-4DE7-8198-390E6A79B371}.Release|x64.Build.0 = Release|Any CPU
		{421EF200-8BFB-4DE7-8198-390E6A79B371}.Release|x86.ActiveCfg = Release|Any CPU
		{421EF200-8BFB-4DE7-8198-390E6A79B371}.Release|x86.Build.0 = Release|Any CPU
		{5A2E18EE-990D-4E9B-8D1E-3CD1C5DD422F}.Debug|Any CPU.ActiveCfg = Debug|Any CPU
		{5A2E18EE-990D-4E9B-8D1E-3CD1C5DD422F}.Debug|Any CPU.Build.0 = Debug|Any CPU
		{5A2E18EE-990D-4E9B-8D1E-3CD1C5DD422F}.Debug|x64.ActiveCfg = Debug|Any CPU
		{5A2E18EE-990D-4E9B-8D1E-3CD1C5DD422F}.Debug|x64.Build.0 = Debug|Any CPU
		{5A2E18EE-990D-4E9B-8D1E-3CD1C5DD422F}.Debug|x86.ActiveCfg = Debug|Any CPU
		{5A2E18EE-990D-4E9B-8D1E-3CD1C5DD422F}.Debug|x86.Build.0 = Debug|Any CPU
		{5A2E18EE-990D-4E9B-8D1E-3CD1C5DD422F}.Release|Any CPU.ActiveCfg = Release|Any CPU
		{5A2E18EE-990D-4E9B-8D1E-3CD1C5DD422F}.Release|Any CPU.Build.0 = Release|Any CPU
		{5A2E18EE-990D-4E9B-8D1E-3CD1C5DD422F}.Release|x64.ActiveCfg = Release|Any CPU
		{5A2E18EE-990D-4E9B-8D1E-3CD1C5DD422F}.Release|x64.Build.0 = Release|Any CPU
		{5A2E18EE-990D-4E9B-8D1E-3CD1C5DD422F}.Release|x86.ActiveCfg = Release|Any CPU
		{5A2E18EE-990D-4E9B-8D1E-3CD1C5DD422F}.Release|x86.Build.0 = Release|Any CPU
		{6E20A797-3DC8-4B4D-9B74-ABA30B0F44B3}.Debug|Any CPU.ActiveCfg = Debug|Any CPU
		{6E20A797-3DC8-4B4D-9B74-ABA30B0F44B3}.Debug|Any CPU.Build.0 = Debug|Any CPU
		{6E20A797-3DC8-4B4D-9B74-ABA30B0F44B3}.Debug|x64.ActiveCfg = Debug|Any CPU
		{6E20A797-3DC8-4B4D-9B74-ABA30B0F44B3}.Debug|x64.Build.0 = Debug|Any CPU
		{6E20A797-3DC8-4B4D-9B74-ABA30B0F44B3}.Debug|x86.ActiveCfg = Debug|Any CPU
		{6E20A797-3DC8-4B4D-9B74-ABA30B0F44B3}.Debug|x86.Build.0 = Debug|Any CPU
		{6E20A797-3DC8-4B4D-9B74-ABA30B0F44B3}.Release|Any CPU.ActiveCfg = Release|Any CPU
		{6E20A797-3DC8-4B4D-9B74-ABA30B0F44B3}.Release|Any CPU.Build.0 = Release|Any CPU
		{6E20A797-3DC8-4B4D-9B74-ABA30B0F44B3}.Release|x64.ActiveCfg = Release|Any CPU
		{6E20A797-3DC8-4B4D-9B74-ABA30B0F44B3}.Release|x64.Build.0 = Release|Any CPU
		{6E20A797-3DC8-4B4D-9B74-ABA30B0F44B3}.Release|x86.ActiveCfg = Release|Any CPU
		{6E20A797-3DC8-4B4D-9B74-ABA30B0F44B3}.Release|x86.Build.0 = Release|Any CPU
	EndGlobalSection
	GlobalSection(SolutionProperties) = preSolution
		HideSolutionNode = FALSE
	EndGlobalSection
	GlobalSection(NestedProjects) = preSolution
		{C8CFD390-E3C0-4C45-9A0D-A3CC2EBF52B1} = {F6CD6641-332C-49E9-88A9-2553E5842EF9}
		{DFC3260E-0451-4DB5-845B-C080314FF017} = {F6CD6641-332C-49E9-88A9-2553E5842EF9}
		{DAFA82FD-806F-495A-8892-261690A7713C} = {F6CD6641-332C-49E9-88A9-2553E5842EF9}
		{BD201017-2FE2-4B47-B99F-98ACCD03041E} = {F6CD6641-332C-49E9-88A9-2553E5842EF9}
		{350F83AF-E955-43D2-A22A-C386DCE54710} = {F6CD6641-332C-49E9-88A9-2553E5842EF9}
		{EB4EE4BD-160C-4A17-8EAD-0FCD84A78588} = {F6CD6641-332C-49E9-88A9-2553E5842EF9}
		{087ECD42-BD34-4066-8951-CF284D557E6A} = {0AB3BF05-4346-4AA6-1389-037BE0695223}
		{421EF200-8BFB-4DE7-8198-390E6A79B371} = {0AB3BF05-4346-4AA6-1389-037BE0695223}
		{5A2E18EE-990D-4E9B-8D1E-3CD1C5DD422F} = {0AB3BF05-4346-4AA6-1389-037BE0695223}
		{6E20A797-3DC8-4B4D-9B74-ABA30B0F44B3} = {0AB3BF05-4346-4AA6-1389-037BE0695223}
	EndGlobalSection
	GlobalSection(ExtensibilityGlobals) = postSolution
		SolutionGuid = {37518CC9-E924-46CC-BF52-6E3EE0BF8026}
	EndGlobalSection
EndGlobal
